<Solution>
  <Folder Name="/Solution Items/">
    <File Path="../.github/workflows/LlamaServerUI_build.yml" />
    <File Path=".gitignore" />
    <File Path="Directory.Build.props" />
    <File Path="Directory.Packages.props" />
  </Folder>
  <Project Path="src/Core/Core.csproj" />
  <Project Path="src/UI/UI.csproj" />
  <Project Path="tests/Core.Tests/Core.Tests.fsproj" />
</Solution>
